
Microsoft Visual Studio Solution File, Format Version 12.00
# Visual Studio Version 17
VisualStudioVersion = 17.6.33815.320
MinimumVisualStudioVersion = 10.0.40219.1
Project("{FAE04EC0-301F-11D3-BF4B-00C04F79EFBC}") = "Cubes.Domain", "Cubes.Domain.csproj", "{572793D6-7578-47F8-A741-6C85963CD98E}"
EndProject
Project("{FAE04EC0-301F-11D3-BF4B-00C04F79EFBC}") = "Cubes.Application", "..\Cubes.Application\Cubes.Application.csproj", "{6220215F-878A-4320-A0E6-D86C5A3A2ADE}"
EndProject
Project("{FAE04EC0-301F-11D3-BF4B-00C04F79EFBC}") = "Cubes.Infrastructure.Data", "..\Cubes.Infrastructure\Cubes.Infrastructure.Data.csproj", "{05FE07B3-93B4-49CE-A53B-B7869668CA53}"
EndProject
Project("{FAE04EC0-301F-11D3-BF4B-00C04F79EFBC}") = "Cubes.Infrastructure.Console", "..\Cubes.Infrastructure.Console\Cubes.Infrastructure.Console.csproj", "{EDDC4474-C4CC-4599-8F7A-BEA94AB850F4}"
EndProject
Project("{FAE04EC0-301F-11D3-BF4B-00C04F79EFBC}") = "Cubes.Application.Tests", "..\Cubes.Application.Tests\Cubes.Application.Tests.csproj", "{4566A690-FF27-4043-A6E1-EEA37FF835EE}"
EndProject
Global
	GlobalSection(SolutionConfigurationPlatforms) = preSolution
		Debug|Any CPU = Debug|Any CPU
		Release|Any CPU = Release|Any CPU
	EndGlobalSection
	GlobalSection(ProjectConfigurationPlatforms) = postSolution
		{572793D6-7578-47F8-A741-6C85963CD98E}.Debug|Any CPU.ActiveCfg = Debug|Any CPU
		{572793D6-7578-47F8-A741-6C85963CD98E}.Debug|Any CPU.Build.0 = Debug|Any CPU
		{572793D6-7578-47F8-A741-6C85963CD98E}.Release|Any CPU.ActiveCfg = Release|Any CPU
		{572793D6-7578-47F8-A741-6C85963CD98E}.Release|Any CPU.Build.0 = Release|Any CPU
		{6220215F-878A-4320-A0E6-D86C5A3A2ADE}.Debug|Any CPU.ActiveCfg = Debug|Any CPU
		{6220215F-878A-4320-A0E6-D86C5A3A2ADE}.Debug|Any CPU.Build.0 = Debug|Any CPU
		{6220215F-878A-4320-A0E6-D86C5A3A2ADE}.Release|Any CPU.ActiveCfg = Release|Any CPU
		{6220215F-878A-4320-A0E6-D86C5A3A2ADE}.Release|Any CPU.Build.0 = Release|Any CPU
		{05FE07B3-93B4-49CE-A53B-B7869668CA53}.Debug|Any CPU.ActiveCfg = Debug|Any CPU
		{05FE07B3-93B4-49CE-A53B-B7869668CA53}.Debug|Any CPU.Build.0 = Debug|Any CPU
		{05FE07B3-93B4-49CE-A53B-B7869668CA53}.Release|Any CPU.ActiveCfg = Release|Any CPU
		{05FE07B3-93B4-49CE-A53B-B7869668CA53}.Release|Any CPU.Build.0 = Release|Any CPU
		{EDDC4474-C4CC-4599-8F7A-BEA94AB850F4}.Debug|Any CPU.ActiveCfg = Debug|Any CPU
		{EDDC4474-C4CC-4599-8F7A-BEA94AB850F4}.Debug|Any CPU.Build.0 = Debug|Any CPU
		{EDDC4474-C4CC-4599-8F7A-BEA94AB850F4}.Release|Any CPU.ActiveCfg = Release|Any CPU
		{EDDC4474-C4CC-4599-8F7A-BEA94AB850F4}.Release|Any CPU.Build.0 = Release|Any CPU
		{4566A690-FF27-4043-A6E1-EEA37FF835EE}.Debug|Any CPU.ActiveCfg = Debug|Any CPU
		{4566A690-FF27-4043-A6E1-EEA37FF835EE}.Debug|Any CPU.Build.0 = Debug|Any CPU
		{4566A690-FF27-4043-A6E1-EEA37FF835EE}.Release|Any CPU.ActiveCfg = Release|Any CPU
		{4566A690-FF27-4043-A6E1-EEA37FF835EE}.Release|Any CPU.Build.0 = Release|Any CPU
	EndGlobalSection
	GlobalSection(SolutionProperties) = preSolution
		HideSolutionNode = FALSE
	EndGlobalSection
	GlobalSection(ExtensibilityGlobals) = postSolution
		SolutionGuid = {6D370D21-3B24-4E3D-8EC4-E2E0653B22F8}
	EndGlobalSection
EndGlobal
